
Microsoft Visual Studio Solution File, Format Version 12.00
# Visual Studio Version 17
VisualStudioVersion = 17.10.34928.147
MinimumVisualStudioVersion = 10.0.40219.1
Project("{FAE04EC0-301F-11D3-BF4B-00C04F79EFBC}") = "edu.PR.EXAMEN4rep", "edu.PR.EXAMEN4rep.csproj", "{8B6BD0D3-7FE3-4464-8D54-62CE4DA6430B}"
EndProject
Global
	GlobalSection(SolutionConfigurationPlatforms) = preSolution
		Debug|Any CPU = Debug|Any CPU
		Release|Any CPU = Release|Any CPU
	EndGlobalSection
	GlobalSection(ProjectConfigurationPlatforms) = postSolution
		{8B6BD0D3-7FE3-4464-8D54-62CE4DA6430B}.Debug|Any CPU.ActiveCfg = Debug|Any CPU
		{8B6BD0D3-7FE3-4464-8D54-62CE4DA6430B}.Debug|Any CPU.Build.0 = Debug|Any CPU
		{8B6BD0D3-7FE3-4464-8D54-62CE4DA6430B}.Release|Any CPU.ActiveCfg = Release|Any CPU
		{8B6BD0D3-7FE3-4464-8D54-62CE4DA6430B}.Release|Any CPU.Build.0 = Release|Any CPU
	EndGlobalSection
	GlobalSection(SolutionProperties) = preSolution
		HideSolutionNode = FALSE
	EndGlobalSection
	GlobalSection(ExtensibilityGlobals) = postSolution
		SolutionGuid = {14324AC6-785D-443A-B7DC-3309B58C83FD}
	EndGlobalSection
EndGlobal
